
Microsoft Visual Studio Solution File, Format Version 12.00
# Visual Studio Version 17
VisualStudioVersion = 17.11.35208.52
MinimumVisualStudioVersion = 10.0.40219.1
Project("{888888A0-9F3D-457C-B088-3A5042F75D52}") = "Sudoku", "Sudoku.pyproj", "{A5A83267-E604-4E51-81EB-AFC3947944AC}"
EndProject
Global
	GlobalSection(SolutionConfigurationPlatforms) = preSolution
		Debug|Any CPU = Debug|Any CPU
		Release|Any CPU = Release|Any CPU
	EndGlobalSection
	GlobalSection(ProjectConfigurationPlatforms) = postSolution
		{A5A83267-E604-4E51-81EB-AFC3947944AC}.Debug|Any CPU.ActiveCfg = Debug|Any CPU
		{A5A83267-E604-4E51-81EB-AFC3947944AC}.Release|Any CPU.ActiveCfg = Release|Any CPU
	EndGlobalSection
	GlobalSection(SolutionProperties) = preSolution
		HideSolutionNode = FALSE
	EndGlobalSection
	GlobalSection(ExtensibilityGlobals) = postSolution
		SolutionGuid = {099CAC86-69FE-43F8-AA17-67E3E46940F8}
	EndGlobalSection
EndGlobal
